
Microsoft Visual Studio Solution File, Format Version 12.00
# Visual Studio Version 17
VisualStudioVersion = 17.0.32014.148
MinimumVisualStudioVersion = 10.0.40219.1
Project("{FAE04EC0-301F-11D3-BF4B-00C04F79EFBC}") = "StatisticValuesConsoleWin", "StatisticValuesConsole\StatisticValuesConsoleWin.csproj", "{19F9A4AA-B92F-4D62-8156-7C5AF80322EF}"
EndProject
Global
	GlobalSection(SolutionConfigurationPlatforms) = preSolution
		Debug|Any CPU = Debug|Any CPU
		Release|Any CPU = Release|Any CPU
	EndGlobalSection
	GlobalSection(ProjectConfigurationPlatforms) = postSolution
		{19F9A4AA-B92F-4D62-8156-7C5AF80322EF}.Debug|Any CPU.ActiveCfg = Debug|Any CPU
		{19F9A4AA-B92F-4D62-8156-7C5AF80322EF}.Debug|Any CPU.Build.0 = Debug|Any CPU
		{19F9A4AA-B92F-4D62-8156-7C5AF80322EF}.Release|Any CPU.ActiveCfg = Release|Any CPU
		{19F9A4AA-B92F-4D62-8156-7C5AF80322EF}.Release|Any CPU.Build.0 = Release|Any CPU
	EndGlobalSection
	GlobalSection(SolutionProperties) = preSolution
		HideSolutionNode = FALSE
	EndGlobalSection
	GlobalSection(ExtensibilityGlobals) = postSolution
		SolutionGuid = {3261DA15-2B6C-4BD6-A651-15E794E36391}
	EndGlobalSection
EndGlobal
